
Microsoft Visual Studio Solution File, Format Version 12.00
# Visual Studio Version 17
VisualStudioVersion = 17.14.36414.22 d17.14
MinimumVisualStudioVersion = 10.0.40219.1
Project("{54A90642-561A-4BB1-A94E-469ADEE60C69}") = "HtCommanderPi", "HtCommanderPi.esproj", "{3DD8F50A-28CF-1DB3-B478-7077E9AA477B}"
EndProject
Global
	GlobalSection(SolutionConfigurationPlatforms) = preSolution
		Debug|Any CPU = Debug|Any CPU
		Release|Any CPU = Release|Any CPU
	EndGlobalSection
	GlobalSection(ProjectConfigurationPlatforms) = postSolution
		{3DD8F50A-28CF-1DB3-B478-7077E9AA477B}.Debug|Any CPU.ActiveCfg = Debug|Any CPU
		{3DD8F50A-28CF-1DB3-B478-7077E9AA477B}.Debug|Any CPU.Build.0 = Debug|Any CPU
		{3DD8F50A-28CF-1DB3-B478-7077E9AA477B}.Debug|Any CPU.Deploy.0 = Debug|Any CPU
		{3DD8F50A-28CF-1DB3-B478-7077E9AA477B}.Release|Any CPU.ActiveCfg = Release|Any CPU
		{3DD8F50A-28CF-1DB3-B478-7077E9AA477B}.Release|Any CPU.Build.0 = Release|Any CPU
		{3DD8F50A-28CF-1DB3-B478-7077E9AA477B}.Release|Any CPU.Deploy.0 = Release|Any CPU
	EndGlobalSection
	GlobalSection(SolutionProperties) = preSolution
		HideSolutionNode = FALSE
	EndGlobalSection
	GlobalSection(ExtensibilityGlobals) = postSolution
		SolutionGuid = {5363E0E0-368D-474D-AFB8-11FAFC21D3D3}
	EndGlobalSection
EndGlobal
